<Solution>
  <Folder Name="/src/" />
  <Folder Name="/src/Modules/">
    <Project Path="src/Modules/Reflow.Modules.Identity/Reflow.Modules.Identity.csproj" />
    <Project Path="src/Modules/Reflow.Modules.DataProcessing/Reflow.Modules.DataProcessing.csproj" />
    <Project Path="src/Modules/Reflow.Modules.Pipelines/Reflow.Modules.Pipelines.csproj" />
  </Folder>
  <Project Path="src/Reflow.Api/Reflow.Api.csproj" />
  <Project Path="src/Reflow.Infrastructure/Reflow.Infrastructure.csproj" />
  <Folder Name="/tests/">
    <Project Path="tests/Reflow.UnitTests/Reflow.UnitTests.csproj" />
    <Project Path="tests/Reflow.IntegrationTests/Reflow.IntegrationTests.csproj" />
  </Folder>
</Solution>
